Microsoft Visual Studio Solution File, Format Version 12.00
# Visual Studio Version 16
VisualStudioVersion = 16.0.0.0
MinimumVisualStudioVersion = 16.0.0.0
Project("{9A19103F-16F7-4668-BE54-9A1E7A4F7556}") = "SimpleCrud.Server", "Server\SimpleCrud.Server.csproj", "{5A16D48B-578C-4D74-BC32-10868B93ABBB}"
EndProject
Project("{9A19103F-16F7-4668-BE54-9A1E7A4F7556}") = "SimpleCrud.Client", "Client\SimpleCrud.Client.csproj", "{9732AD02-293D-4137-9212-D3FAD209A5F9}"
EndProject
Project("{9A19103F-16F7-4668-BE54-9A1E7A4F7556}") = "SimpleCrud.Shared", "Shared\SimpleCrud.Shared.csproj", "{58CBD6ED-9AEA-4064-9472-DA6904F60D3A}"
EndProject
Global
	GlobalSection(SolutionConfigurationPlatforms) = preSolution
		Debug|Any CPU = Debug|Any CPU
		Debug|x64 = Debug|x64
		Debug|x86 = Debug|x86
		Release|Any CPU = Release|Any CPU
		Release|x64 = Release|x64
		Release|x86 = Release|x86
	EndGlobalSection
	GlobalSection(ProjectConfigurationPlatforms) = postSolution
		{9732AD02-293D-4137-9212-D3FAD209A5F9}.Debug|Any CPU.ActiveCfg = Debug|Any CPU
		{9732AD02-293D-4137-9212-D3FAD209A5F9}.Debug|Any CPU.Build.0 = Debug|Any CPU
		{9732AD02-293D-4137-9212-D3FAD209A5F9}.Debug|x64.ActiveCfg = Debug|Any CPU
		{9732AD02-293D-4137-9212-D3FAD209A5F9}.Debug|x64.Build.0 = Debug|Any CPU
		{9732AD02-293D-4137-9212-D3FAD209A5F9}.Debug|x86.ActiveCfg = Debug|Any CPU
		{9732AD02-293D-4137-9212-D3FAD209A5F9}.Debug|x86.Build.0 = Debug|Any CPU
		{9732AD02-293D-4137-9212-D3FAD209A5F9}.Release|Any CPU.ActiveCfg = Release|Any CPU
		{9732AD02-293D-4137-9212-D3FAD209A5F9}.Release|Any CPU.Build.0 = Release|Any CPU
		{9732AD02-293D-4137-9212-D3FAD209A5F9}.Release|x64.ActiveCfg = Release|Any CPU
		{9732AD02-293D-4137-9212-D3FAD209A5F9}.Release|x64.Build.0 = Release|Any CPU
		{9732AD02-293D-4137-9212-D3FAD209A5F9}.Release|x86.ActiveCfg = Release|Any CPU
		{9732AD02-293D-4137-9212-D3FAD209A5F9}.Release|x86.Build.0 = Release|Any CPU
		{5A16D48B-578C-4D74-BC32-10868B93ABBB}.Debug|Any CPU.ActiveCfg = Debug|Any CPU
		{5A16D48B-578C-4D74-BC32-10868B93ABBB}.Debug|Any CPU.Build.0 = Debug|Any CPU
		{5A16D48B-578C-4D74-BC32-10868B93ABBB}.Debug|x64.ActiveCfg = Debug|Any CPU
		{5A16D48B-578C-4D74-BC32-10868B93ABBB}.Debug|x64.Build.0 = Debug|Any CPU
		{5A16D48B-578C-4D74-BC32-10868B93ABBB}.Debug|x86.ActiveCfg = Debug|Any CPU
		{5A16D48B-578C-4D74-BC32-10868B93ABBB}.Debug|x86.Build.0 = Debug|Any CPU
		{5A16D48B-578C-4D74-BC32-10868B93ABBB}.Release|Any CPU.ActiveCfg = Release|Any CPU
		{5A16D48B-578C-4D74-BC32-10868B93ABBB}.Release|Any CPU.Build.0 = Release|Any CPU
		{5A16D48B-578C-4D74-BC32-10868B93ABBB}.Release|x64.ActiveCfg = Release|Any CPU
		{5A16D48B-578C-4D74-BC32-10868B93ABBB}.Release|x64.Build.0 = Release|Any CPU
		{5A16D48B-578C-4D74-BC32-10868B93ABBB}.Release|x86.ActiveCfg = Release|Any CPU
		{5A16D48B-578C-4D74-BC32-10868B93ABBB}.Release|x86.Build.0 = Release|Any CPU
		{58CBD6ED-9AEA-4064-9472-DA6904F60D3A}.Debug|Any CPU.ActiveCfg = Debug|Any CPU
		{58CBD6ED-9AEA-4064-9472-DA6904F60D3A}.Debug|Any CPU.Build.0 = Debug|Any CPU
		{58CBD6ED-9AEA-4064-9472-DA6904F60D3A}.Debug|x64.ActiveCfg = Debug|Any CPU
		{58CBD6ED-9AEA-4064-9472-DA6904F60D3A}.Debug|x64.Build.0 = Debug|Any CPU
		{58CBD6ED-9AEA-4064-9472-DA6904F60D3A}.Debug|x86.ActiveCfg = Debug|Any CPU
		{58CBD6ED-9AEA-4064-9472-DA6904F60D3A}.Debug|x86.Build.0 = Debug|Any CPU
		{58CBD6ED-9AEA-4064-9472-DA6904F60D3A}.Release|Any CPU.ActiveCfg = Release|Any CPU
		{58CBD6ED-9AEA-4064-9472-DA6904F60D3A}.Release|Any CPU.Build.0 = Release|Any CPU
		{58CBD6ED-9AEA-4064-9472-DA6904F60D3A}.Release|x64.ActiveCfg = Release|Any CPU
		{58CBD6ED-9AEA-4064-9472-DA6904F60D3A}.Release|x64.Build.0 = Release|Any CPU
		{58CBD6ED-9AEA-4064-9472-DA6904F60D3A}.Release|x86.ActiveCfg = Release|Any CPU
		{58CBD6ED-9AEA-4064-9472-DA6904F60D3A}.Release|x86.Build.0 = Release|Any CPU
	EndGlobalSection
	GlobalSection(SolutionProperties) = preSolution
		HideSolutionNode = FALSE
	EndGlobalSection
	GlobalSection(ExtensibilityGlobals) = postSolution
		SolutionGuid = {6DB254ED-1E29-4535-848A-52D0C7210E6C}
	EndGlobalSection
EndGlobal